<?xml version="1.0" encoding="UTF-8" standalone="yes" ?>
<CodeBlocks_project_file>
	<FileVersion major="1" minor="6" />
	<Project>
		<Option title="Test" />
		<Option pch_mode="2" />
		<Option compiler="gcc" />
		<Build>
			<Target title="Debug">
				<Option output="../../../bin/Test" prefix_auto="1" extension_auto="1" />
				<Option working_dir="./" />
				<Option object_output="obj/Debug/" />
				<Option type="0" />
				<Option compiler="gcc" />
				<Compiler>
					<Add option="-g" />
					<Add option="-DDUILIB_SDL" />
					<Add directory="include" />
					<Add directory="../../../DuiLib" />
					<Add directory="../../../3rd/SDL/include" />
					<Add directory="../../../3rd/SDL_gfx" />
					<Add directory="../../../3rd/SDL_image/include" />
					<Add directory="../../../3rd/SDL_ttf/include" />
				</Compiler>
				<ResourceCompiler>
					<Add option="-Wl,--hash-style=sysv,-Bsymbolic,-rpath=./ -no-pie" />
				</ResourceCompiler>
				<Linker>
					<Add option="-Wl,--hash-style=sysv,-Bsymbolic,-rpath=./ -no-pie" />
					<Add library="../../../DuiLib/Lib/libDuiLib.a" />
					<Add library="/usr/local/lib/libSDL3.so" />
					<Add library="/usr/local/lib/libSDL3_image.so" />
					<Add library="/usr/local/lib/libSDL3_gfx.so" />
					<Add library="/usr/local/lib/libSDL3_ttf.so" />
				</Linker>
			</Target>
			<Target title="Release">
				<Option output="bin/Release/Test" prefix_auto="1" extension_auto="1" />
				<Option object_output="obj/Release/" />
				<Option type="0" />
				<Option compiler="gcc" />
				<Compiler>
					<Add option="-O2" />
					<Add directory="include" />
				</Compiler>
				<Linker>
					<Add option="-s" />
				</Linker>
			</Target>
		</Build>
		<Compiler>
			<Add option="-Wall" />
			<Add option="`pkg-config gtk+-2.0 --cflags`" />
		</Compiler>
		<Linker>
			<Add option="`pkg-config gtk+-2.0 --libs`" />
		</Linker>
		<Unit filename="App.cpp" />
		<Unit filename="App.h" />
		<Unit filename="MainFrame.cpp" />
		<Unit filename="MainFrame.h" />
		<Unit filename="main.cpp" />
		<Extensions />
	</Project>
</CodeBlocks_project_file>
